
Microsoft Visual Studio Solution File, Format Version 12.00
Project("{FAE04EC0-301F-11D3-BF4B-00C04F79EFBC}") = "ConsoleApp1", "ConsoleApp1\ConsoleApp1.csproj", "{2D4DE321-E958-4E0B-A01C-1CFE8FEBEE47}"
EndProject
Project("{FAE04EC0-301F-11D3-BF4B-00C04F79EFBC}") = "Util", "Util\Util.csproj", "{2B7044FB-1F57-49B8-BCB5-1B3DA99FF708}"
EndProject
Project("{FAE04EC0-301F-11D3-BF4B-00C04F79EFBC}") = "ConsoleApp3", "ConsoleApp3\ConsoleApp3.csproj", "{F3BBC98A-EE3B-40C1-9CE8-B377F4B9B112}"
EndProject
Project("{FAE04EC0-301F-11D3-BF4B-00C04F79EFBC}") = "ConsoleApp4", "ConsoleApp4\ConsoleApp4.csproj", "{4B7A8BB6-98F7-4508-8448-3717B6C5A56E}"
EndProject
Project("{FAE04EC0-301F-11D3-BF4B-00C04F79EFBC}") = "ConsoleApp5", "ConsoleApp5\ConsoleApp5.csproj", "{770E0E19-10A4-44C1-A75C-13229CED2D18}"
EndProject
Project("{FAE04EC0-301F-11D3-BF4B-00C04F79EFBC}") = "ConsoleApp6", "ConsoleApp6\ConsoleApp6.csproj", "{CE099B29-75ED-4199-B03A-4840BD86F294}"
EndProject
Project("{FAE04EC0-301F-11D3-BF4B-00C04F79EFBC}") = "ConsoleApp2", "ConsoleApp2\ConsoleApp2.csproj", "{641ACC96-F285-4D8D-80D3-3F4D78E8F71D}"
EndProject
Project("{FAE04EC0-301F-11D3-BF4B-00C04F79EFBC}") = "ConsoleApp7", "ConsoleApp7\ConsoleApp7.csproj", "{E6058EDE-A0C5-4730-9C35-84A81B1ABAEC}"
EndProject
Project("{FAE04EC0-301F-11D3-BF4B-00C04F79EFBC}") = "ConsoleApp8", "ConsoleApp8\ConsoleApp8.csproj", "{29C51572-5E57-40C1-B0C2-5C9BF7907BD7}"
EndProject
Project("{FAE04EC0-301F-11D3-BF4B-00C04F79EFBC}") = "ConsoleApp9", "ConsoleApp9\ConsoleApp9.csproj", "{0F25E1FC-BF4F-46F3-ACF1-06108A4E96E9}"
EndProject
Project("{FAE04EC0-301F-11D3-BF4B-00C04F79EFBC}") = "ConsoleApp10", "ConsoleApp10\ConsoleApp10.csproj", "{7611275A-180C-4249-AA99-587C79C760DC}"
EndProject
Project("{FAE04EC0-301F-11D3-BF4B-00C04F79EFBC}") = "ConsoleApp11", "ConsoleApp11\ConsoleApp11.csproj", "{7B2B080A-E246-4F88-B84E-F521163F32A7}"
EndProject
Project("{FAE04EC0-301F-11D3-BF4B-00C04F79EFBC}") = "ConsoleApp14", "ConsoleApp14\ConsoleApp14.csproj", "{D52D5633-D568-4466-913D-5BF664554D1C}"
EndProject
Project("{FAE04EC0-301F-11D3-BF4B-00C04F79EFBC}") = "ConsoleApp15", "ConsoleApp15\ConsoleApp15.csproj", "{C72D863F-595C-4F75-995C-05CD32504EC1}"
EndProject
Project("{FAE04EC0-301F-11D3-BF4B-00C04F79EFBC}") = "ConsoleApp16", "ConsoleApp16\ConsoleApp16.csproj", "{883E4AE7-9ED1-4179-BBD8-D59DF6ECB47D}"
EndProject
Global
	GlobalSection(SolutionConfigurationPlatforms) = preSolution
		Debug|Any CPU = Debug|Any CPU
		Release|Any CPU = Release|Any CPU
	EndGlobalSection
	GlobalSection(ProjectConfigurationPlatforms) = postSolution
		{2D4DE321-E958-4E0B-A01C-1CFE8FEBEE47}.Debug|Any CPU.ActiveCfg = Debug|Any CPU
		{2D4DE321-E958-4E0B-A01C-1CFE8FEBEE47}.Debug|Any CPU.Build.0 = Debug|Any CPU
		{2D4DE321-E958-4E0B-A01C-1CFE8FEBEE47}.Release|Any CPU.ActiveCfg = Release|Any CPU
		{2D4DE321-E958-4E0B-A01C-1CFE8FEBEE47}.Release|Any CPU.Build.0 = Release|Any CPU
		{2B7044FB-1F57-49B8-BCB5-1B3DA99FF708}.Debug|Any CPU.ActiveCfg = Debug|Any CPU
		{2B7044FB-1F57-49B8-BCB5-1B3DA99FF708}.Debug|Any CPU.Build.0 = Debug|Any CPU
		{2B7044FB-1F57-49B8-BCB5-1B3DA99FF708}.Release|Any CPU.ActiveCfg = Release|Any CPU
		{2B7044FB-1F57-49B8-BCB5-1B3DA99FF708}.Release|Any CPU.Build.0 = Release|Any CPU
		{F3BBC98A-EE3B-40C1-9CE8-B377F4B9B112}.Debug|Any CPU.ActiveCfg = Debug|Any CPU
		{F3BBC98A-EE3B-40C1-9CE8-B377F4B9B112}.Debug|Any CPU.Build.0 = Debug|Any CPU
		{F3BBC98A-EE3B-40C1-9CE8-B377F4B9B112}.Release|Any CPU.ActiveCfg = Release|Any CPU
		{F3BBC98A-EE3B-40C1-9CE8-B377F4B9B112}.Release|Any CPU.Build.0 = Release|Any CPU
		{4B7A8BB6-98F7-4508-8448-3717B6C5A56E}.Debug|Any CPU.ActiveCfg = Debug|Any CPU
		{4B7A8BB6-98F7-4508-8448-3717B6C5A56E}.Debug|Any CPU.Build.0 = Debug|Any CPU
		{4B7A8BB6-98F7-4508-8448-3717B6C5A56E}.Release|Any CPU.ActiveCfg = Release|Any CPU
		{4B7A8BB6-98F7-4508-8448-3717B6C5A56E}.Release|Any CPU.Build.0 = Release|Any CPU
		{770E0E19-10A4-44C1-A75C-13229CED2D18}.Debug|Any CPU.ActiveCfg = Debug|Any CPU
		{770E0E19-10A4-44C1-A75C-13229CED2D18}.Debug|Any CPU.Build.0 = Debug|Any CPU
		{770E0E19-10A4-44C1-A75C-13229CED2D18}.Release|Any CPU.ActiveCfg = Release|Any CPU
		{770E0E19-10A4-44C1-A75C-13229CED2D18}.Release|Any CPU.Build.0 = Release|Any CPU
		{CE099B29-75ED-4199-B03A-4840BD86F294}.Debug|Any CPU.ActiveCfg = Debug|Any CPU
		{CE099B29-75ED-4199-B03A-4840BD86F294}.Debug|Any CPU.Build.0 = Debug|Any CPU
		{CE099B29-75ED-4199-B03A-4840BD86F294}.Release|Any CPU.ActiveCfg = Release|Any CPU
		{CE099B29-75ED-4199-B03A-4840BD86F294}.Release|Any CPU.Build.0 = Release|Any CPU
		{641ACC96-F285-4D8D-80D3-3F4D78E8F71D}.Debug|Any CPU.ActiveCfg = Debug|Any CPU
		{641ACC96-F285-4D8D-80D3-3F4D78E8F71D}.Debug|Any CPU.Build.0 = Debug|Any CPU
		{641ACC96-F285-4D8D-80D3-3F4D78E8F71D}.Release|Any CPU.ActiveCfg = Release|Any CPU
		{641ACC96-F285-4D8D-80D3-3F4D78E8F71D}.Release|Any CPU.Build.0 = Release|Any CPU
		{E6058EDE-A0C5-4730-9C35-84A81B1ABAEC}.Debug|Any CPU.ActiveCfg = Debug|Any CPU
		{E6058EDE-A0C5-4730-9C35-84A81B1ABAEC}.Debug|Any CPU.Build.0 = Debug|Any CPU
		{E6058EDE-A0C5-4730-9C35-84A81B1ABAEC}.Release|Any CPU.ActiveCfg = Release|Any CPU
		{E6058EDE-A0C5-4730-9C35-84A81B1ABAEC}.Release|Any CPU.Build.0 = Release|Any CPU
		{29C51572-5E57-40C1-B0C2-5C9BF7907BD7}.Debug|Any CPU.ActiveCfg = Debug|Any CPU
		{29C51572-5E57-40C1-B0C2-5C9BF7907BD7}.Debug|Any CPU.Build.0 = Debug|Any CPU
		{29C51572-5E57-40C1-B0C2-5C9BF7907BD7}.Release|Any CPU.ActiveCfg = Release|Any CPU
		{29C51572-5E57-40C1-B0C2-5C9BF7907BD7}.Release|Any CPU.Build.0 = Release|Any CPU
		{0F25E1FC-BF4F-46F3-ACF1-06108A4E96E9}.Debug|Any CPU.ActiveCfg = Debug|Any CPU
		{0F25E1FC-BF4F-46F3-ACF1-06108A4E96E9}.Debug|Any CPU.Build.0 = Debug|Any CPU
		{0F25E1FC-BF4F-46F3-ACF1-06108A4E96E9}.Release|Any CPU.ActiveCfg = Release|Any CPU
		{0F25E1FC-BF4F-46F3-ACF1-06108A4E96E9}.Release|Any CPU.Build.0 = Release|Any CPU
		{7611275A-180C-4249-AA99-587C79C760DC}.Debug|Any CPU.ActiveCfg = Debug|Any CPU
		{7611275A-180C-4249-AA99-587C79C760DC}.Debug|Any CPU.Build.0 = Debug|Any CPU
		{7611275A-180C-4249-AA99-587C79C760DC}.Release|Any CPU.ActiveCfg = Release|Any CPU
		{7611275A-180C-4249-AA99-587C79C760DC}.Release|Any CPU.Build.0 = Release|Any CPU
		{7B2B080A-E246-4F88-B84E-F521163F32A7}.Debug|Any CPU.ActiveCfg = Debug|Any CPU
		{7B2B080A-E246-4F88-B84E-F521163F32A7}.Debug|Any CPU.Build.0 = Debug|Any CPU
		{7B2B080A-E246-4F88-B84E-F521163F32A7}.Release|Any CPU.ActiveCfg = Release|Any CPU
		{7B2B080A-E246-4F88-B84E-F521163F32A7}.Release|Any CPU.Build.0 = Release|Any CPU
		{D52D5633-D568-4466-913D-5BF664554D1C}.Debug|Any CPU.ActiveCfg = Debug|Any CPU
		{D52D5633-D568-4466-913D-5BF664554D1C}.Debug|Any CPU.Build.0 = Debug|Any CPU
		{D52D5633-D568-4466-913D-5BF664554D1C}.Release|Any CPU.ActiveCfg = Release|Any CPU
		{D52D5633-D568-4466-913D-5BF664554D1C}.Release|Any CPU.Build.0 = Release|Any CPU
		{C72D863F-595C-4F75-995C-05CD32504EC1}.Debug|Any CPU.ActiveCfg = Debug|Any CPU
		{C72D863F-595C-4F75-995C-05CD32504EC1}.Debug|Any CPU.Build.0 = Debug|Any CPU
		{C72D863F-595C-4F75-995C-05CD32504EC1}.Release|Any CPU.ActiveCfg = Release|Any CPU
		{C72D863F-595C-4F75-995C-05CD32504EC1}.Release|Any CPU.Build.0 = Release|Any CPU
		{883E4AE7-9ED1-4179-BBD8-D59DF6ECB47D}.Debug|Any CPU.ActiveCfg = Debug|Any CPU
		{883E4AE7-9ED1-4179-BBD8-D59DF6ECB47D}.Debug|Any CPU.Build.0 = Debug|Any CPU
		{883E4AE7-9ED1-4179-BBD8-D59DF6ECB47D}.Release|Any CPU.ActiveCfg = Release|Any CPU
		{883E4AE7-9ED1-4179-BBD8-D59DF6ECB47D}.Release|Any CPU.Build.0 = Release|Any CPU
	EndGlobalSection
EndGlobal
